// !$*UTF8*$!
{
	archiveVersion = 1;
	classes = {
	};
	objectVersion = 77;
	objects = {

/* Begin PBXBuildFile section */
		FB5D773B2D8320D900812FAC /* TracksTableView.swift in Sources */ = {isa = PBXBuildFile; fileRef = FB5D773A2D8320D900812FAC /* TracksTableView.swift */; };
		FB5D773D2D83429600812FAC /* NumberFormatter.swift in Sources */ = {isa = PBXBuildFile; fileRef = FB5D773C2D83429600812FAC /* NumberFormatter.swift */; };
		FB72821D2D83B5290041E9A2 /* FavoritesCollectionViewController.swift in Sources */ = {isa = PBXBuildFile; fileRef = FB72821C2D83B5290041E9A2 /* FavoritesCollectionViewController.swift */; };
		FB72821F2D83B7430041E9A2 /* FavoritesCollectionViewCell.swift in Sources */ = {isa = PBXBuildFile; fileRef = FB72821E2D83B7430041E9A2 /* FavoritesCollectionViewCell.swift */; };
		FB7282212D846F5D0041E9A2 /* MainiPad.storyboard in Resources */ = {isa = PBXBuildFile; fileRef = FB7282202D846F5D0041E9A2 /* MainiPad.storyboard */; };
		FB7282232D8494C40041E9A2 /* ComposerTableViewCell.swift in Sources */ = {isa = PBXBuildFile; fileRef = FB7282222D8494C40041E9A2 /* ComposerTableViewCell.swift */; };
		FB7282252D8495A10041E9A2 /* ComposersTableViewController.swift in Sources */ = {isa = PBXBuildFile; fileRef = FB7282242D8495A10041E9A2 /* ComposersTableViewController.swift */; };
		FB7282272D84A4A00041E9A2 /* ScoresDiffableTableViewController.swift in Sources */ = {isa = PBXBuildFile; fileRef = FB7282262D84A4A00041E9A2 /* ScoresDiffableTableViewController.swift */; };
		FB7282292D852EFB0041E9A2 /* ScoreTableViewCell.swift in Sources */ = {isa = PBXBuildFile; fileRef = FB7282282D852EFB0041E9A2 /* ScoreTableViewCell.swift */; };
		FB72822B2D85323E0041E9A2 /* TypeAlias.swift in Sources */ = {isa = PBXBuildFile; fileRef = FB72822A2D85323E0041E9A2 /* TypeAlias.swift */; };
		FB72822D2D853ACA0041E9A2 /* ScoreDetailViewController.swift in Sources */ = {isa = PBXBuildFile; fileRef = FB72822C2D853ACA0041E9A2 /* ScoreDetailViewController.swift */; };
		FB8DB3552D7F6A480093DFCB /* Assets.xcassets in Resources */ = {isa = PBXBuildFile; fileRef = FB8DB34C2D7F6A480093DFCB /* Assets.xcassets */; };
		FB8DB3572D7F6A480093DFCB /* LaunchScreen.storyboard in Resources */ = {isa = PBXBuildFile; fileRef = FB8DB34F2D7F6A480093DFCB /* LaunchScreen.storyboard */; };
		FB8DB3582D7F6A480093DFCB /* Main.storyboard in Resources */ = {isa = PBXBuildFile; fileRef = FB8DB3512D7F6A480093DFCB /* Main.storyboard */; };
		FB8DB3592D7F6A480093DFCB /* AppDelegate.swift in Sources */ = {isa = PBXBuildFile; fileRef = FB8DB34B2D7F6A480093DFCB /* AppDelegate.swift */; };
		FB8DB35A2D7F6A480093DFCB /* SceneDelegate.swift in Sources */ = {isa = PBXBuildFile; fileRef = FB8DB3522D7F6A480093DFCB /* SceneDelegate.swift */; };
		FB8DB35F2D7F6B1B0093DFCB /* scoresdata.json in Resources */ = {isa = PBXBuildFile; fileRef = FB8DB35E2D7F6B1B0093DFCB /* scoresdata.json */; };
		FB8DB3622D7F6D070093DFCB /* ScoreDTO.swift in Sources */ = {isa = PBXBuildFile; fileRef = FB8DB3612D7F6D070093DFCB /* ScoreDTO.swift */; };
		FB8DB3652D7F6E6B0093DFCB /* DataRepository.swift in Sources */ = {isa = PBXBuildFile; fileRef = FB8DB3642D7F6E6B0093DFCB /* DataRepository.swift */; };
		FB8DB3672D7F6E900093DFCB /* JSONLoader.swift in Sources */ = {isa = PBXBuildFile; fileRef = FB8DB3662D7F6E900093DFCB /* JSONLoader.swift */; };
		FB8DB36A2D7F70270093DFCB /* scoresdatatest.json in Resources */ = {isa = PBXBuildFile; fileRef = FB8DB3692D7F70270093DFCB /* scoresdatatest.json */; };
		FB8DB36D2D7F71190093DFCB /* RepositoryTest.swift in Sources */ = {isa = PBXBuildFile; fileRef = FB8DB36C2D7F71190093DFCB /* RepositoryTest.swift */; };
		FB8DB3702D7F72130093DFCB /* ModelLogic.swift in Sources */ = {isa = PBXBuildFile; fileRef = FB8DB36F2D7F72130093DFCB /* ModelLogic.swift */; };
		FB8DB3722D7F77F60093DFCB /* ScoreTableViewControllerD.swift in Sources */ = {isa = PBXBuildFile; fileRef = FB8DB3712D7F77F60093DFCB /* ScoreTableViewControllerD.swift */; };
		FB8DB3742D7F934E0093DFCB /* PresentationLogic.swift in Sources */ = {isa = PBXBuildFile; fileRef = FB8DB3732D7F934E0093DFCB /* PresentationLogic.swift */; };
		FB8DB3772D81DDDB0093DFCB /* Notifications.swift in Sources */ = {isa = PBXBuildFile; fileRef = FB8DB3762D81DDDB0093DFCB /* Notifications.swift */; };
		FB8DB3792D81EFC00093DFCB /* ScoreDetailTableViewController.swift in Sources */ = {isa = PBXBuildFile; fileRef = FB8DB3782D81EFC00093DFCB /* ScoreDetailTableViewController.swift */; };
/* End PBXBuildFile section */

/* Begin PBXFileReference section */
		FB5D773A2D8320D900812FAC /* TracksTableView.swift */ = {isa = PBXFileReference; lastKnownFileType = sourcecode.swift; path = TracksTableView.swift; sourceTree = "<group>"; };
		FB5D773C2D83429600812FAC /* NumberFormatter.swift */ = {isa = PBXFileReference; lastKnownFileType = sourcecode.swift; path = NumberFormatter.swift; sourceTree = "<group>"; };
		FB72821C2D83B5290041E9A2 /* FavoritesCollectionViewController.swift */ = {isa = PBXFileReference; lastKnownFileType = sourcecode.swift; path = FavoritesCollectionViewController.swift; sourceTree = "<group>"; };
		FB72821E2D83B7430041E9A2 /* FavoritesCollectionViewCell.swift */ = {isa = PBXFileReference; lastKnownFileType = sourcecode.swift; path = FavoritesCollectionViewCell.swift; sourceTree = "<group>"; };
		FB7282202D846F5D0041E9A2 /* MainiPad.storyboard */ = {isa = PBXFileReference; lastKnownFileType = file.storyboard; path = MainiPad.storyboard; sourceTree = "<group>"; };
		FB7282222D8494C40041E9A2 /* ComposerTableViewCell.swift */ = {isa = PBXFileReference; lastKnownFileType = sourcecode.swift; path = ComposerTableViewCell.swift; sourceTree = "<group>"; };
		FB7282242D8495A10041E9A2 /* ComposersTableViewController.swift */ = {isa = PBXFileReference; lastKnownFileType = sourcecode.swift; path = ComposersTableViewController.swift; sourceTree = "<group>"; };
		FB7282262D84A4A00041E9A2 /* ScoresDiffableTableViewController.swift */ = {isa = PBXFileReference; lastKnownFileType = sourcecode.swift; path = ScoresDiffableTableViewController.swift; sourceTree = "<group>"; };
		FB7282282D852EFB0041E9A2 /* ScoreTableViewCell.swift */ = {isa = PBXFileReference; lastKnownFileType = sourcecode.swift; path = ScoreTableViewCell.swift; sourceTree = "<group>"; };
		FB72822A2D85323E0041E9A2 /* TypeAlias.swift */ = {isa = PBXFileReference; lastKnownFileType = sourcecode.swift; path = TypeAlias.swift; sourceTree = "<group>"; };
		FB72822C2D853ACA0041E9A2 /* ScoreDetailViewController.swift */ = {isa = PBXFileReference; lastKnownFileType = sourcecode.swift; path = ScoreDetailViewController.swift; sourceTree = "<group>"; };
		FB8DB3332D7F6A370093DFCB /* ScoresAppUIKit.app */ = {isa = PBXFileReference; explicitFileType = wrapper.application; includeInIndex = 0; path = ScoresAppUIKit.app; sourceTree = BUILT_PRODUCTS_DIR; };
		FB8DB34B2D7F6A480093DFCB /* AppDelegate.swift */ = {isa = PBXFileReference; lastKnownFileType = sourcecode.swift; path = AppDelegate.swift; sourceTree = "<group>"; };
		FB8DB34C2D7F6A480093DFCB /* Assets.xcassets */ = {isa = PBXFileReference; lastKnownFileType = folder.assetcatalog; path = Assets.xcassets; sourceTree = "<group>"; };
		FB8DB34D2D7F6A480093DFCB /* Info.plist */ = {isa = PBXFileReference; lastKnownFileType = text.plist.xml; path = Info.plist; sourceTree = "<group>"; };
		FB8DB34E2D7F6A480093DFCB /* Base */ = {isa = PBXFileReference; lastKnownFileType = file.storyboard; name = Base; path = Base.lproj/LaunchScreen.storyboard; sourceTree = "<group>"; };
		FB8DB3502D7F6A480093DFCB /* Base */ = {isa = PBXFileReference; lastKnownFileType = file.storyboard; name = Base; path = Base.lproj/Main.storyboard; sourceTree = "<group>"; };
		FB8DB3522D7F6A480093DFCB /* SceneDelegate.swift */ = {isa = PBXFileReference; lastKnownFileType = sourcecode.swift; path = SceneDelegate.swift; sourceTree = "<group>"; };
		FB8DB35E2D7F6B1B0093DFCB /* scoresdata.json */ = {isa = PBXFileReference; lastKnownFileType = text.json; path = scoresdata.json; sourceTree = "<group>"; };
		FB8DB3612D7F6D070093DFCB /* ScoreDTO.swift */ = {isa = PBXFileReference; lastKnownFileType = sourcecode.swift; path = ScoreDTO.swift; sourceTree = "<group>"; };
		FB8DB3642D7F6E6B0093DFCB /* DataRepository.swift */ = {isa = PBXFileReference; lastKnownFileType = sourcecode.swift; path = DataRepository.swift; sourceTree = "<group>"; };
		FB8DB3662D7F6E900093DFCB /* JSONLoader.swift */ = {isa = PBXFileReference; lastKnownFileType = sourcecode.swift; path = JSONLoader.swift; sourceTree = "<group>"; };
		FB8DB3692D7F70270093DFCB /* scoresdatatest.json */ = {isa = PBXFileReference; lastKnownFileType = text.json; path = scoresdatatest.json; sourceTree = "<group>"; };
		FB8DB36C2D7F71190093DFCB /* RepositoryTest.swift */ = {isa = PBXFileReference; lastKnownFileType = sourcecode.swift; path = RepositoryTest.swift; sourceTree = "<group>"; };
		FB8DB36F2D7F72130093DFCB /* ModelLogic.swift */ = {isa = PBXFileReference; lastKnownFileType = sourcecode.swift; path = ModelLogic.swift; sourceTree = "<group>"; };
		FB8DB3712D7F77F60093DFCB /* ScoreTableViewControllerD.swift */ = {isa = PBXFileReference; lastKnownFileType = sourcecode.swift; path = ScoreTableViewControllerD.swift; sourceTree = "<group>"; };
		FB8DB3732D7F934E0093DFCB /* PresentationLogic.swift */ = {isa = PBXFileReference; lastKnownFileType = sourcecode.swift; path = PresentationLogic.swift; sourceTree = "<group>"; };
		FB8DB3762D81DDDB0093DFCB /* Notifications.swift */ = {isa = PBXFileReference; lastKnownFileType = sourcecode.swift; path = Notifications.swift; sourceTree = "<group>"; };
		FB8DB3782D81EFC00093DFCB /* ScoreDetailTableViewController.swift */ = {isa = PBXFileReference; lastKnownFileType = sourcecode.swift; path = ScoreDetailTableViewController.swift; sourceTree = "<group>"; };
/* End PBXFileReference section */

/* Begin PBXFrameworksBuildPhase section */
		FB8DB3302D7F6A370093DFCB /* Frameworks */ = {
			isa = PBXFrameworksBuildPhase;
			buildActionMask = 2147483647;
			files = (
			);
			runOnlyForDeploymentPostprocessing = 0;
		};
/* End PBXFrameworksBuildPhase section */

/* Begin PBXGroup section */
		FB8DB32A2D7F6A370093DFCB = {
			isa = PBXGroup;
			children = (
				FB8DB3542D7F6A480093DFCB /* ScoresAppUIKit */,
				FB8DB3342D7F6A370093DFCB /* Products */,
			);
			sourceTree = "<group>";
		};
		FB8DB3342D7F6A370093DFCB /* Products */ = {
			isa = PBXGroup;
			children = (
				FB8DB3332D7F6A370093DFCB /* ScoresAppUIKit.app */,
			);
			name = Products;
			sourceTree = "<group>";
		};
		FB8DB3542D7F6A480093DFCB /* ScoresAppUIKit */ = {
			isa = PBXGroup;
			children = (
				FB8DB3512D7F6A480093DFCB /* Main.storyboard */,
				FB7282202D846F5D0041E9A2 /* MainiPad.storyboard */,
				FB72822C2D853ACA0041E9A2 /* ScoreDetailViewController.swift */,
				FB7282262D84A4A00041E9A2 /* ScoresDiffableTableViewController.swift */,
				FB7282242D8495A10041E9A2 /* ComposersTableViewController.swift */,
				FB7282222D8494C40041E9A2 /* ComposerTableViewCell.swift */,
				FB8DB3712D7F77F60093DFCB /* ScoreTableViewControllerD.swift */,
				FB8DB3782D81EFC00093DFCB /* ScoreDetailTableViewController.swift */,
				FB5D773A2D8320D900812FAC /* TracksTableView.swift */,
				FB72821C2D83B5290041E9A2 /* FavoritesCollectionViewController.swift */,
				FB72821E2D83B7430041E9A2 /* FavoritesCollectionViewCell.swift */,
				FB7282282D852EFB0041E9A2 /* ScoreTableViewCell.swift */,
				FB8DB36E2D7F71AD0093DFCB /* Logic */,
				FB8DB3632D7F6E520093DFCB /* Repository */,
				FB8DB3602D7F6B5B0093DFCB /* Model */,
				FB8DB35D2D7F6AF80093DFCB /* Resources */,
				FB8DB3752D81DDBD0093DFCB /* Extensions */,
				FB8DB35C2D7F6A4B0093DFCB /* System */,
				FB8DB34C2D7F6A480093DFCB /* Assets.xcassets */,
				FB8DB34D2D7F6A480093DFCB /* Info.plist */,
				FB8DB34F2D7F6A480093DFCB /* LaunchScreen.storyboard */,
				FB8DB36B2D7F71040093DFCB /* Test */,
				FB8DB3682D7F6FD90093DFCB /* Preview Data */,
			);
			path = ScoresAppUIKit;
			sourceTree = "<group>";
		};
		FB8DB35C2D7F6A4B0093DFCB /* System */ = {
			isa = PBXGroup;
			children = (
				FB8DB34B2D7F6A480093DFCB /* AppDelegate.swift */,
				FB8DB3522D7F6A480093DFCB /* SceneDelegate.swift */,
			);
			path = System;
			sourceTree = "<group>";
		};
		FB8DB35D2D7F6AF80093DFCB /* Resources */ = {
			isa = PBXGroup;
			children = (
				FB8DB35E2D7F6B1B0093DFCB /* scoresdata.json */,
			);
			path = Resources;
			sourceTree = "<group>";
		};
		FB8DB3602D7F6B5B0093DFCB /* Model */ = {
			isa = PBXGroup;
			children = (
				FB8DB3612D7F6D070093DFCB /* ScoreDTO.swift */,
			);
			path = Model;
			sourceTree = "<group>";
		};
		FB8DB3632D7F6E520093DFCB /* Repository */ = {
			isa = PBXGroup;
			children = (
				FB8DB3642D7F6E6B0093DFCB /* DataRepository.swift */,
				FB8DB3662D7F6E900093DFCB /* JSONLoader.swift */,
			);
			path = Repository;
			sourceTree = "<group>";
		};
		FB8DB3682D7F6FD90093DFCB /* Preview Data */ = {
			isa = PBXGroup;
			children = (
				FB8DB3692D7F70270093DFCB /* scoresdatatest.json */,
			);
			path = "Preview Data";
			sourceTree = "<group>";
		};
		FB8DB36B2D7F71040093DFCB /* Test */ = {
			isa = PBXGroup;
			children = (
				FB8DB36C2D7F71190093DFCB /* RepositoryTest.swift */,
			);
			path = Test;
			sourceTree = "<group>";
		};
		FB8DB36E2D7F71AD0093DFCB /* Logic */ = {
			isa = PBXGroup;
			children = (
				FB8DB36F2D7F72130093DFCB /* ModelLogic.swift */,
				FB8DB3732D7F934E0093DFCB /* PresentationLogic.swift */,
			);
			path = Logic;
			sourceTree = "<group>";
		};
		FB8DB3752D81DDBD0093DFCB /* Extensions */ = {
			isa = PBXGroup;
			children = (
				FB8DB3762D81DDDB0093DFCB /* Notifications.swift */,
				FB5D773C2D83429600812FAC /* NumberFormatter.swift */,
				FB72822A2D85323E0041E9A2 /* TypeAlias.swift */,
			);
			path = Extensions;
			sourceTree = "<group>";
		};
/* End PBXGroup section */

/* Begin PBXNativeTarget section */
		FB8DB3322D7F6A370093DFCB /* ScoresAppUIKit */ = {
			isa = PBXNativeTarget;
			buildConfigurationList = FB8DB3462D7F6A400093DFCB /* Build configuration list for PBXNativeTarget "ScoresAppUIKit" */;
			buildPhases = (
				FB8DB32F2D7F6A370093DFCB /* Sources */,
				FB8DB3302D7F6A370093DFCB /* Frameworks */,
				FB8DB3312D7F6A370093DFCB /* Resources */,
			);
			buildRules = (
			);
			dependencies = (
			);
			name = ScoresAppUIKit;
			packageProductDependencies = (
			);
			productName = ScoresAppUIKit;
			productReference = FB8DB3332D7F6A370093DFCB /* ScoresAppUIKit.app */;
			productType = "com.apple.product-type.application";
		};
/* End PBXNativeTarget section */

/* Begin PBXProject section */
		FB8DB32B2D7F6A370093DFCB /* Project object */ = {
			isa = PBXProject;
			attributes = {
				BuildIndependentTargetsInParallel = 1;
				LastSwiftUpdateCheck = 1620;
				LastUpgradeCheck = 1620;
				TargetAttributes = {
					FB8DB3322D7F6A370093DFCB = {
						CreatedOnToolsVersion = 16.2;
					};
				};
			};
			buildConfigurationList = FB8DB32E2D7F6A370093DFCB /* Build configuration list for PBXProject "ScoresAppUIKit" */;
			developmentRegion = en;
			hasScannedForEncodings = 0;
			knownRegions = (
				en,
				Base,
			);
			mainGroup = FB8DB32A2D7F6A370093DFCB;
			minimizedProjectReferenceProxies = 1;
			preferredProjectObjectVersion = 77;
			productRefGroup = FB8DB3342D7F6A370093DFCB /* Products */;
			projectDirPath = "";
			projectRoot = "";
			targets = (
				FB8DB3322D7F6A370093DFCB /* ScoresAppUIKit */,
			);
		};
/* End PBXProject section */

/* Begin PBXResourcesBuildPhase section */
		FB8DB3312D7F6A370093DFCB /* Resources */ = {
			isa = PBXResourcesBuildPhase;
			buildActionMask = 2147483647;
			files = (
				FB8DB35F2D7F6B1B0093DFCB /* scoresdata.json in Resources */,
				FB7282212D846F5D0041E9A2 /* MainiPad.storyboard in Resources */,
				FB8DB3552D7F6A480093DFCB /* Assets.xcassets in Resources */,
				FB8DB3572D7F6A480093DFCB /* LaunchScreen.storyboard in Resources */,
				FB8DB36A2D7F70270093DFCB /* scoresdatatest.json in Resources */,
				FB8DB3582D7F6A480093DFCB /* Main.storyboard in Resources */,
			);
			runOnlyForDeploymentPostprocessing = 0;
		};
/* End PBXResourcesBuildPhase section */

/* Begin PBXSourcesBuildPhase section */
		FB8DB32F2D7F6A370093DFCB /* Sources */ = {
			isa = PBXSourcesBuildPhase;
			buildActionMask = 2147483647;
			files = (
				FB72821D2D83B5290041E9A2 /* FavoritesCollectionViewController.swift in Sources */,
				FB7282292D852EFB0041E9A2 /* ScoreTableViewCell.swift in Sources */,
				FB7282232D8494C40041E9A2 /* ComposerTableViewCell.swift in Sources */,
				FB8DB3772D81DDDB0093DFCB /* Notifications.swift in Sources */,
				FB8DB3702D7F72130093DFCB /* ModelLogic.swift in Sources */,
				FB8DB3722D7F77F60093DFCB /* ScoreTableViewControllerD.swift in Sources */,
				FB72822D2D853ACA0041E9A2 /* ScoreDetailViewController.swift in Sources */,
				FB5D773B2D8320D900812FAC /* TracksTableView.swift in Sources */,
				FB7282252D8495A10041E9A2 /* ComposersTableViewController.swift in Sources */,
				FB8DB3672D7F6E900093DFCB /* JSONLoader.swift in Sources */,
				FB8DB3592D7F6A480093DFCB /* AppDelegate.swift in Sources */,
				FB7282272D84A4A00041E9A2 /* ScoresDiffableTableViewController.swift in Sources */,
				FB8DB3742D7F934E0093DFCB /* PresentationLogic.swift in Sources */,
				FB72821F2D83B7430041E9A2 /* FavoritesCollectionViewCell.swift in Sources */,
				FB8DB3792D81EFC00093DFCB /* ScoreDetailTableViewController.swift in Sources */,
				FB72822B2D85323E0041E9A2 /* TypeAlias.swift in Sources */,
				FB8DB3652D7F6E6B0093DFCB /* DataRepository.swift in Sources */,
				FB8DB3622D7F6D070093DFCB /* ScoreDTO.swift in Sources */,
				FB5D773D2D83429600812FAC /* NumberFormatter.swift in Sources */,
				FB8DB35A2D7F6A480093DFCB /* SceneDelegate.swift in Sources */,
				FB8DB36D2D7F71190093DFCB /* RepositoryTest.swift in Sources */,
			);
			runOnlyForDeploymentPostprocessing = 0;
		};
/* End PBXSourcesBuildPhase section */

/* Begin PBXVariantGroup section */
		FB8DB34F2D7F6A480093DFCB /* LaunchScreen.storyboard */ = {
			isa = PBXVariantGroup;
			children = (
				FB8DB34E2D7F6A480093DFCB /* Base */,
			);
			name = LaunchScreen.storyboard;
			sourceTree = "<group>";
		};
		FB8DB3512D7F6A480093DFCB /* Main.storyboard */ = {
			isa = PBXVariantGroup;
			children = (
				FB8DB3502D7F6A480093DFCB /* Base */,
			);
			name = Main.storyboard;
			sourceTree = "<group>";
		};
/* End PBXVariantGroup section */

/* Begin XCBuildConfiguration section */
		FB8DB3472D7F6A400093DFCB /* Debug */ = {
			isa = XCBuildConfiguration;
			buildSettings = {
				ASSETCATALOG_COMPILER_APPICON_NAME = AppIcon;
				ASSETCATALOG_COMPILER_GLOBAL_ACCENT_COLOR_NAME = AccentColor;
				CODE_SIGN_STYLE = Automatic;
				CURRENT_PROJECT_VERSION = 1;
				DEVELOPMENT_ASSET_PATHS = "ScoresAppUIKit/Preview\\ Data";
				DEVELOPMENT_TEAM = 7GRZBU3W5C;
				GENERATE_INFOPLIST_FILE = YES;
				INFOPLIST_FILE = ScoresAppUIKit/Info.plist;
				INFOPLIST_KEY_CFBundleDisplayName = Scores;
				INFOPLIST_KEY_LSApplicationCategoryType = "public.app-category.entertainment";
				INFOPLIST_KEY_UIApplicationSupportsIndirectInputEvents = YES;
				INFOPLIST_KEY_UILaunchStoryboardName = LaunchScreen;
				INFOPLIST_KEY_UIMainStoryboardFile = Main;
				INFOPLIST_KEY_UISupportedInterfaceOrientations = UIInterfaceOrientationPortrait;
				INFOPLIST_KEY_UISupportedInterfaceOrientations_iPad = "UIInterfaceOrientationLandscapeLeft UIInterfaceOrientationLandscapeRight UIInterfaceOrientationPortrait UIInterfaceOrientationPortraitUpsideDown";
				LD_RUNPATH_SEARCH_PATHS = (
					"$(inherited)",
					"@executable_path/Frameworks",
				);
				MARKETING_VERSION = 1.0;
				PRODUCT_BUNDLE_IDENTIFIER = com.cxcarvaj.ScoresAppUIKit;
				PRODUCT_NAME = "$(TARGET_NAME)";
				SUPPORTED_PLATFORMS = "iphoneos iphonesimulator";
				SUPPORTS_MACCATALYST = NO;
				SUPPORTS_MAC_DESIGNED_FOR_IPHONE_IPAD = NO;
				SUPPORTS_XR_DESIGNED_FOR_IPHONE_IPAD = NO;
				SWIFT_EMIT_LOC_STRINGS = YES;
				SWIFT_VERSION = 6.0;
				TARGETED_DEVICE_FAMILY = "1,2";
			};
			name = Debug;
		};
		FB8DB3482D7F6A400093DFCB /* Release */ = {
			isa = XCBuildConfiguration;
			buildSettings = {
				ASSETCATALOG_COMPILER_APPICON_NAME = AppIcon;
				ASSETCATALOG_COMPILER_GLOBAL_ACCENT_COLOR_NAME = AccentColor;
				CODE_SIGN_STYLE = Automatic;
				CURRENT_PROJECT_VERSION = 1;
				DEVELOPMENT_ASSET_PATHS = "ScoresAppUIKit/Preview\\ Data";
				DEVELOPMENT_TEAM = 7GRZBU3W5C;
				GENERATE_INFOPLIST_FILE = YES;
				INFOPLIST_FILE = ScoresAppUIKit/Info.plist;
				INFOPLIST_KEY_CFBundleDisplayName = Scores;
				INFOPLIST_KEY_LSApplicationCategoryType = "public.app-category.entertainment";
				INFOPLIST_KEY_UIApplicationSupportsIndirectInputEvents = YES;
				INFOPLIST_KEY_UILaunchStoryboardName = LaunchScreen;
				INFOPLIST_KEY_UIMainStoryboardFile = Main;
				INFOPLIST_KEY_UISupportedInterfaceOrientations = UIInterfaceOrientationPortrait;
				INFOPLIST_KEY_UISupportedInterfaceOrientations_iPad = "UIInterfaceOrientationLandscapeLeft UIInterfaceOrientationLandscapeRight UIInterfaceOrientationPortrait UIInterfaceOrientationPortraitUpsideDown";
				LD_RUNPATH_SEARCH_PATHS = (
					"$(inherited)",
					"@executable_path/Frameworks",
				);
				MARKETING_VERSION = 1.0;
				PRODUCT_BUNDLE_IDENTIFIER = com.cxcarvaj.ScoresAppUIKit;
				PRODUCT_NAME = "$(TARGET_NAME)";
				SUPPORTED_PLATFORMS = "iphoneos iphonesimulator";
				SUPPORTS_MACCATALYST = NO;
				SUPPORTS_MAC_DESIGNED_FOR_IPHONE_IPAD = NO;
				SUPPORTS_XR_DESIGNED_FOR_IPHONE_IPAD = NO;
				SWIFT_EMIT_LOC_STRINGS = YES;
				SWIFT_VERSION = 6.0;
				TARGETED_DEVICE_FAMILY = "1,2";
			};
			name = Release;
		};
		FB8DB3492D7F6A400093DFCB /* Debug */ = {
			isa = XCBuildConfiguration;
			buildSettings = {
				ALWAYS_SEARCH_USER_PATHS = NO;
				ASSETCATALOG_COMPILER_GENERATE_SWIFT_ASSET_SYMBOL_EXTENSIONS = YES;
				CLANG_ANALYZER_NONNULL = YES;
				CLANG_ANALYZER_NUMBER_OBJECT_CONVERSION = YES_AGGRESSIVE;
				CLANG_CXX_LANGUAGE_STANDARD = "gnu++20";
				CLANG_ENABLE_MODULES = YES;
				CLANG_ENABLE_OBJC_ARC = YES;
				CLANG_ENABLE_OBJC_WEAK = YES;
				CLANG_WARN_BLOCK_CAPTURE_AUTORELEASING = YES;
				CLANG_WARN_BOOL_CONVERSION = YES;
				CLANG_WARN_COMMA = YES;
				CLANG_WARN_CONSTANT_CONVERSION = YES;
				CLANG_WARN_DEPRECATED_OBJC_IMPLEMENTATIONS = YES;
				CLANG_WARN_DIRECT_OBJC_ISA_USAGE = YES_ERROR;
				CLANG_WARN_DOCUMENTATION_COMMENTS = YES;
				CLANG_WARN_EMPTY_BODY = YES;
				CLANG_WARN_ENUM_CONVERSION = YES;
				CLANG_WARN_INFINITE_RECURSION = YES;
				CLANG_WARN_INT_CONVERSION = YES;
				CLANG_WARN_NON_LITERAL_NULL_CONVERSION = YES;
				CLANG_WARN_OBJC_IMPLICIT_RETAIN_SELF = YES;
				CLANG_WARN_OBJC_LITERAL_CONVERSION = YES;
				CLANG_WARN_OBJC_ROOT_CLASS = YES_ERROR;
				CLANG_WARN_QUOTED_INCLUDE_IN_FRAMEWORK_HEADER = YES;
				CLANG_WARN_RANGE_LOOP_ANALYSIS = YES;
				CLANG_WARN_STRICT_PROTOTYPES = YES;
				CLANG_WARN_SUSPICIOUS_MOVE = YES;
				CLANG_WARN_UNGUARDED_AVAILABILITY = YES_AGGRESSIVE;
				CLANG_WARN_UNREACHABLE_CODE = YES;
				CLANG_WARN__DUPLICATE_METHOD_MATCH = YES;
				COPY_PHASE_STRIP = NO;
				DEBUG_INFORMATION_FORMAT = dwarf;
				ENABLE_STRICT_OBJC_MSGSEND = YES;
				ENABLE_TESTABILITY = YES;
				ENABLE_USER_SCRIPT_SANDBOXING = YES;
				GCC_C_LANGUAGE_STANDARD = gnu17;
				GCC_DYNAMIC_NO_PIC = NO;
				GCC_NO_COMMON_BLOCKS = YES;
				GCC_OPTIMIZATION_LEVEL = 0;
				GCC_PREPROCESSOR_DEFINITIONS = (
					"DEBUG=1",
					"$(inherited)",
				);
				GCC_WARN_64_TO_32_BIT_CONVERSION = YES;
				GCC_WARN_ABOUT_RETURN_TYPE = YES_ERROR;
				GCC_WARN_UNDECLARED_SELECTOR = YES;
				GCC_WARN_UNINITIALIZED_AUTOS = YES_AGGRESSIVE;
				GCC_WARN_UNUSED_FUNCTION = YES;
				GCC_WARN_UNUSED_VARIABLE = YES;
				IPHONEOS_DEPLOYMENT_TARGET = 18.2;
				LOCALIZATION_PREFERS_STRING_CATALOGS = YES;
				MTL_ENABLE_DEBUG_INFO = INCLUDE_SOURCE;
				MTL_FAST_MATH = YES;
				ONLY_ACTIVE_ARCH = YES;
				SDKROOT = iphoneos;
				SWIFT_ACTIVE_COMPILATION_CONDITIONS = "DEBUG $(inherited)";
				SWIFT_OPTIMIZATION_LEVEL = "-Onone";
			};
			name = Debug;
		};
		FB8DB34A2D7F6A400093DFCB /* Release */ = {
			isa = XCBuildConfiguration;
			buildSettings = {
				ALWAYS_SEARCH_USER_PATHS = NO;
				ASSETCATALOG_COMPILER_GENERATE_SWIFT_ASSET_SYMBOL_EXTENSIONS = YES;
				CLANG_ANALYZER_NONNULL = YES;
				CLANG_ANALYZER_NUMBER_OBJECT_CONVERSION = YES_AGGRESSIVE;
				CLANG_CXX_LANGUAGE_STANDARD = "gnu++20";
				CLANG_ENABLE_MODULES = YES;
				CLANG_ENABLE_OBJC_ARC = YES;
				CLANG_ENABLE_OBJC_WEAK = YES;
				CLANG_WARN_BLOCK_CAPTURE_AUTORELEASING = YES;
				CLANG_WARN_BOOL_CONVERSION = YES;
				CLANG_WARN_COMMA = YES;
				CLANG_WARN_CONSTANT_CONVERSION = YES;
				CLANG_WARN_DEPRECATED_OBJC_IMPLEMENTATIONS = YES;
				CLANG_WARN_DIRECT_OBJC_ISA_USAGE = YES_ERROR;
				CLANG_WARN_DOCUMENTATION_COMMENTS = YES;
				CLANG_WARN_EMPTY_BODY = YES;
				CLANG_WARN_ENUM_CONVERSION = YES;
				CLANG_WARN_INFINITE_RECURSION = YES;
				CLANG_WARN_INT_CONVERSION = YES;
				CLANG_WARN_NON_LITERAL_NULL_CONVERSION = YES;
				CLANG_WARN_OBJC_IMPLICIT_RETAIN_SELF = YES;
				CLANG_WARN_OBJC_LITERAL_CONVERSION = YES;
				CLANG_WARN_OBJC_ROOT_CLASS = YES_ERROR;
				CLANG_WARN_QUOTED_INCLUDE_IN_FRAMEWORK_HEADER = YES;
				CLANG_WARN_RANGE_LOOP_ANALYSIS = YES;
				CLANG_WARN_STRICT_PROTOTYPES = YES;
				CLANG_WARN_SUSPICIOUS_MOVE = YES;
				CLANG_WARN_UNGUARDED_AVAILABILITY = YES_AGGRESSIVE;
				CLANG_WARN_UNREACHABLE_CODE = YES;
				CLANG_WARN__DUPLICATE_METHOD_MATCH = YES;
				COPY_PHASE_STRIP = NO;
				DEBUG_INFORMATION_FORMAT = "dwarf-with-dsym";
				ENABLE_NS_ASSERTIONS = NO;
				ENABLE_STRICT_OBJC_MSGSEND = YES;
				ENABLE_USER_SCRIPT_SANDBOXING = YES;
				GCC_C_LANGUAGE_STANDARD = gnu17;
				GCC_NO_COMMON_BLOCKS = YES;
				GCC_WARN_64_TO_32_BIT_CONVERSION = YES;
				GCC_WARN_ABOUT_RETURN_TYPE = YES_ERROR;
				GCC_WARN_UNDECLARED_SELECTOR = YES;
				GCC_WARN_UNINITIALIZED_AUTOS = YES_AGGRESSIVE;
				GCC_WARN_UNUSED_FUNCTION = YES;
				GCC_WARN_UNUSED_VARIABLE = YES;
				IPHONEOS_DEPLOYMENT_TARGET = 18.2;
				LOCALIZATION_PREFERS_STRING_CATALOGS = YES;
				MTL_ENABLE_DEBUG_INFO = NO;
				MTL_FAST_MATH = YES;
				SDKROOT = iphoneos;
				SWIFT_COMPILATION_MODE = wholemodule;
				VALIDATE_PRODUCT = YES;
			};
			name = Release;
		};
/* End XCBuildConfiguration section */

/* Begin XCConfigurationList section */
		FB8DB32E2D7F6A370093DFCB /* Build configuration list for PBXProject "ScoresAppUIKit" */ = {
			isa = XCConfigurationList;
			buildConfigurations = (
				FB8DB3492D7F6A400093DFCB /* Debug */,
				FB8DB34A2D7F6A400093DFCB /* Release */,
			);
			defaultConfigurationIsVisible = 0;
			defaultConfigurationName = Release;
		};
		FB8DB3462D7F6A400093DFCB /* Build configuration list for PBXNativeTarget "ScoresAppUIKit" */ = {
			isa = XCConfigurationList;
			buildConfigurations = (
				FB8DB3472D7F6A400093DFCB /* Debug */,
				FB8DB3482D7F6A400093DFCB /* Release */,
			);
			defaultConfigurationIsVisible = 0;
			defaultConfigurationName = Release;
		};
/* End XCConfigurationList section */
	};
	rootObject = FB8DB32B2D7F6A370093DFCB /* Project object */;
}
